
Microsoft Visual Studio Solution File, Format Version 12.00
# Visual Studio Version 16
VisualStudioVersion = 16.0.30114.105
MinimumVisualStudioVersion = 10.0.40219.1
Project("{FAE04EC0-301F-11D3-BF4B-00C04F79EFBC}") = "PrinterTiltCompensation", "PrinterTiltCompensation\PrinterTiltCompensation.csproj", "{61118670-EFC4-41A9-B0FB-5809A564F4EF}"
EndProject
Project("{FAE04EC0-301F-11D3-BF4B-00C04F79EFBC}") = "PrinterTiltCompensation.Tests", "PrinterTiltCompensation.Tests\PrinterTiltCompensation.Tests.csproj", "{459749B6-CB1C-4AE8-9511-8DFCED87A9EC}"
EndProject
Global
	GlobalSection(SolutionConfigurationPlatforms) = preSolution
		Debug|Any CPU = Debug|Any CPU
		Release|Any CPU = Release|Any CPU
	EndGlobalSection
	GlobalSection(SolutionProperties) = preSolution
		HideSolutionNode = FALSE
	EndGlobalSection
	GlobalSection(ProjectConfigurationPlatforms) = postSolution
		{61118670-EFC4-41A9-B0FB-5809A564F4EF}.Debug|Any CPU.ActiveCfg = Debug|Any CPU
		{61118670-EFC4-41A9-B0FB-5809A564F4EF}.Debug|Any CPU.Build.0 = Debug|Any CPU
		{61118670-EFC4-41A9-B0FB-5809A564F4EF}.Release|Any CPU.ActiveCfg = Release|Any CPU
		{61118670-EFC4-41A9-B0FB-5809A564F4EF}.Release|Any CPU.Build.0 = Release|Any CPU
		{459749B6-CB1C-4AE8-9511-8DFCED87A9EC}.Debug|Any CPU.ActiveCfg = Debug|Any CPU
		{459749B6-CB1C-4AE8-9511-8DFCED87A9EC}.Debug|Any CPU.Build.0 = Debug|Any CPU
		{459749B6-CB1C-4AE8-9511-8DFCED87A9EC}.Release|Any CPU.ActiveCfg = Release|Any CPU
		{459749B6-CB1C-4AE8-9511-8DFCED87A9EC}.Release|Any CPU.Build.0 = Release|Any CPU
	EndGlobalSection
EndGlobal
